
Microsoft Visual Studio Solution File, Format Version 12.00
# Visual Studio Version 17
VisualStudioVersion = 17.0.32126.317
MinimumVisualStudioVersion = 10.0.40219.1
Project("{8BC9CEB8-8B4A-11D0-8D11-00A0C91BC942}") = "seaBattle", "seaBattle\seaBattle.vcxproj", "{09CAAC25-9629-4B1B-93D9-E9858A45392C}"
EndProject
Global
	GlobalSection(SolutionConfigurationPlatforms) = preSolution
		Debug|x64 = Debug|x64
		Debug|x86 = Debug|x86
		Release|x64 = Release|x64
		Release|x86 = Release|x86
	EndGlobalSection
	GlobalSection(ProjectConfigurationPlatforms) = postSolution
		{09CAAC25-9629-4B1B-93D9-E9858A45392C}.Debug|x64.ActiveCfg = Debug|x64
		{09CAAC25-9629-4B1B-93D9-E9858A45392C}.Debug|x64.Build.0 = Debug|x64
		{09CAAC25-9629-4B1B-93D9-E9858A45392C}.Debug|x86.ActiveCfg = Debug|Win32
		{09CAAC25-9629-4B1B-93D9-E9858A45392C}.Debug|x86.Build.0 = Debug|Win32
		{09CAAC25-9629-4B1B-93D9-E9858A45392C}.Release|x64.ActiveCfg = Release|x64
		{09CAAC25-9629-4B1B-93D9-E9858A45392C}.Release|x64.Build.0 = Release|x64
		{09CAAC25-9629-4B1B-93D9-E9858A45392C}.Release|x86.ActiveCfg = Release|Win32
		{09CAAC25-9629-4B1B-93D9-E9858A45392C}.Release|x86.Build.0 = Release|Win32
	EndGlobalSection
	GlobalSection(SolutionProperties) = preSolution
		HideSolutionNode = FALSE
	EndGlobalSection
	GlobalSection(ExtensibilityGlobals) = postSolution
		SolutionGuid = {4E01C06D-7CF5-49C1-B6A0-4423A7D1A5E4}
	EndGlobalSection
EndGlobal
